
Microsoft Visual Studio Solution File, Format Version 12.00
# Visual Studio Version 16
VisualStudioVersion = 16.0.31005.135
MinimumVisualStudioVersion = 10.0.40219.1
Project("{FAE04EC0-301F-11D3-BF4B-00C04F79EFBC}") = "Calculator", "Calculator\Calculator.csproj", "{63544DAE-0546-4A99-A0B8-56508A606D59}"
EndProject
Global
	GlobalSection(SolutionConfigurationPlatforms) = preSolution
		Debug|Any CPU = Debug|Any CPU
		Release|Any CPU = Release|Any CPU
	EndGlobalSection
	GlobalSection(ProjectConfigurationPlatforms) = postSolution
		{63544DAE-0546-4A99-A0B8-56508A606D59}.Debug|Any CPU.ActiveCfg = Debug|Any CPU
		{63544DAE-0546-4A99-A0B8-56508A606D59}.Debug|Any CPU.Build.0 = Debug|Any CPU
		{63544DAE-0546-4A99-A0B8-56508A606D59}.Release|Any CPU.ActiveCfg = Release|Any CPU
		{63544DAE-0546-4A99-A0B8-56508A606D59}.Release|Any CPU.Build.0 = Release|Any CPU
	EndGlobalSection
	GlobalSection(SolutionProperties) = preSolution
		HideSolutionNode = FALSE
	EndGlobalSection
	GlobalSection(ExtensibilityGlobals) = postSolution
		SolutionGuid = {70FDABBA-33A7-43FB-BB3B-7232EED6EAE7}
	EndGlobalSection
EndGlobal
